{
  "object": {
    "pins": [
      {
        "package": "Mockingbird",
        "repositoryURL": "https://github.com/thehaystackapp/mockingbird.git",
        "state": {
          "branch": null,
          "revision": "b7f8a0f03d182778a4df554de76e0e710083b687",
          "version": "0.26.0"
        }
      }
    ]
  },
  "version": 1
}
